
Microsoft Visual Studio Solution File, Format Version 12.00
# Visual Studio Version 17
VisualStudioVersion = 17.10.35122.118
MinimumVisualStudioVersion = 10.0.40219.1
Project("{FAE04EC0-301F-11D3-BF4B-00C04F79EFBC}") = "ChatRealTime", "ChatRealTime\ChatRealTime.csproj", "{6079703E-CABE-4BFF-B5C5-445A375880CE}"
EndProject
Project("{FAE04EC0-301F-11D3-BF4B-00C04F79EFBC}") = "ChatConsoleApp", "ChatConsoleApp\ChatConsoleApp.csproj", "{6BCE7917-362E-4D76-9772-3A8FF0A4DF16}"
EndProject
Global
	GlobalSection(SolutionConfigurationPlatforms) = preSolution
		Debug|Any CPU = Debug|Any CPU
		Release|Any CPU = Release|Any CPU
	EndGlobalSection
	GlobalSection(ProjectConfigurationPlatforms) = postSolution
		{6079703E-CABE-4BFF-B5C5-445A375880CE}.Debug|Any CPU.ActiveCfg = Debug|Any CPU
		{6079703E-CABE-4BFF-B5C5-445A375880CE}.Debug|Any CPU.Build.0 = Debug|Any CPU
		{6079703E-CABE-4BFF-B5C5-445A375880CE}.Release|Any CPU.ActiveCfg = Release|Any CPU
		{6079703E-CABE-4BFF-B5C5-445A375880CE}.Release|Any CPU.Build.0 = Release|Any CPU
		{6BCE7917-362E-4D76-9772-3A8FF0A4DF16}.Debug|Any CPU.ActiveCfg = Debug|Any CPU
		{6BCE7917-362E-4D76-9772-3A8FF0A4DF16}.Debug|Any CPU.Build.0 = Debug|Any CPU
		{6BCE7917-362E-4D76-9772-3A8FF0A4DF16}.Release|Any CPU.ActiveCfg = Release|Any CPU
		{6BCE7917-362E-4D76-9772-3A8FF0A4DF16}.Release|Any CPU.Build.0 = Release|Any CPU
	EndGlobalSection
	GlobalSection(SolutionProperties) = preSolution
		HideSolutionNode = FALSE
	EndGlobalSection
	GlobalSection(ExtensibilityGlobals) = postSolution
		SolutionGuid = {A7FEAC2F-FFAC-41AB-A73F-AD7275728E65}
	EndGlobalSection
EndGlobal
